[[package]]
category = "main"
description = "Better dates and times for Python"
name = "arrow"
optional = false
python-versions = ">=2.7, !=3.0.*, !=3.1.*, !=3.2.*"
version = "0.13.2"

[package.dependencies]
python-dateutil = "*"

[[package]]
category = "main"
description = "Bitstamp API python implementation"
name = "bitstampclient"
optional = false
python-versions = "*"
version = "2.2.8"

[package.dependencies]
requests = "*"

[[package]]
category = "main"
description = "Python package for providing Mozilla's CA Bundle."
name = "certifi"
optional = false
python-versions = "*"
version = "2020.12.5"

[[package]]
category = "main"
description = "Universal encoding detector for Python 2 and 3"
name = "chardet"
optional = false
python-versions = ">=2.7, !=3.0.*, !=3.1.*, !=3.2.*, !=3.3.*, !=3.4.*"
version = "4.0.0"

[[package]]
category = "main"
description = "Command-line client for the Kraken exchange"
name = "clikraken"
optional = false
python-versions = "*"
version = "0.8.3.2"

[package.dependencies]
arrow = "<0.14"
colorlog = "*"
krakenex = ">=0.1,<1.0"
tabulate = "*"

[[package]]
category = "main"
description = "Cross-platform colored terminal text."
marker = "sys_platform == \"win32\""
name = "colorama"
optional = false
python-versions = ">=2.7, !=3.0.*, !=3.1.*, !=3.2.*, !=3.3.*, !=3.4.*"
version = "0.4.4"

[[package]]
category = "main"
description = "Colored terminal output for Python's logging module"
name = "coloredlogs"
optional = false
python-versions = ">=2.7, !=3.0.*, !=3.1.*, !=3.2.*, !=3.3.*, !=3.4.*"
version = "15.0"

[package.dependencies]
humanfriendly = ">=9.1"

[package.extras]
cron = ["capturer (>=2.4)"]

[[package]]
category = "main"
description = "Log formatting with colors!"
name = "colorlog"
optional = false
python-versions = "*"
version = "4.7.2"

[package.dependencies]
colorama = "*"

[[package]]
category = "main"
description = "Human friendly output for text interfaces using Python"
name = "humanfriendly"
optional = false
python-versions = ">=2.7, !=3.0.*, !=3.1.*, !=3.2.*, !=3.3.*, !=3.4.*"
version = "9.1"

[package.dependencies]
pyreadline = "*"

[[package]]
category = "main"
description = "Internationalized Domain Names in Applications (IDNA)"
name = "idna"
optional = false
python-versions = ">=2.7, !=3.0.*, !=3.1.*, !=3.2.*, !=3.3.*"
version = "2.10"

[[package]]
category = "main"
description = "kraken.com cryptocurrency exchange API"
name = "krakenex"
optional = false
python-versions = "*"
version = "0.1.4"

[[package]]
category = "main"
description = "A python implmementation of GNU readline."
marker = "sys_platform == \"win32\""
name = "pyreadline"
optional = false
python-versions = "*"
version = "2.1"

[[package]]
category = "main"
description = "Extensions to the standard Python datetime module"
name = "python-dateutil"
optional = false
python-versions = "!=3.0.*,!=3.1.*,!=3.2.*,>=2.7"
version = "2.8.1"

[package.dependencies]
six = ">=1.5"

[[package]]
category = "main"
description = "YAML parser and emitter for Python"
name = "pyyaml"
optional = false
python-versions = ">=2.7, !=3.0.*, !=3.1.*, !=3.2.*, !=3.3.*, !=3.4.*, !=3.5.*"
version = "5.4.1"

[[package]]
category = "main"
description = "Python HTTP for Humans."
name = "requests"
optional = false
python-versions = ">=2.7, !=3.0.*, !=3.1.*, !=3.2.*, !=3.3.*, !=3.4.*"
version = "2.25.1"

[package.dependencies]
certifi = ">=2017.4.17"
chardet = ">=3.0.2,<5"
idna = ">=2.5,<3"
urllib3 = ">=1.21.1,<1.27"

[package.extras]
security = ["pyOpenSSL (>=0.14)", "cryptography (>=1.3.4)"]
socks = ["PySocks (>=1.5.6,<1.5.7 || >1.5.7)", "win-inet-pton"]

[[package]]
category = "main"
description = "Python 2 and 3 compatibility utilities"
name = "six"
optional = false
python-versions = ">=2.7, !=3.0.*, !=3.1.*, !=3.2.*"
version = "1.15.0"

[[package]]
category = "main"
description = "Database Abstraction Library"
name = "sqlalchemy"
optional = false
python-versions = ">=2.7, !=3.0.*, !=3.1.*, !=3.2.*, !=3.3.*"
version = "1.3.23"

[package.extras]
mssql = ["pyodbc"]
mssql_pymssql = ["pymssql"]
mssql_pyodbc = ["pyodbc"]
mysql = ["mysqlclient"]
oracle = ["cx-oracle"]
postgresql = ["psycopg2"]
postgresql_pg8000 = ["pg8000 (<1.16.6)"]
postgresql_psycopg2binary = ["psycopg2-binary"]
postgresql_psycopg2cffi = ["psycopg2cffi"]
pymysql = ["pymysql (<1)", "pymysql"]

[[package]]
category = "main"
description = "Pretty-print tabular data"
name = "tabulate"
optional = false
python-versions = "*"
version = "0.8.9"

[package.extras]
widechars = ["wcwidth"]

[[package]]
category = "main"
description = "HTTP library with thread-safe connection pooling, file post, and more."
name = "urllib3"
optional = false
python-versions = ">=2.7, !=3.0.*, !=3.1.*, !=3.2.*, !=3.3.*, !=3.4.*, <4"
version = "1.26.3"

[package.extras]
brotli = ["brotlipy (>=0.6.0)"]
secure = ["pyOpenSSL (>=0.14)", "cryptography (>=1.3.4)", "idna (>=2.0.0)", "certifi", "ipaddress"]
socks = ["PySocks (>=1.5.6,<1.5.7 || >1.5.7,<2.0)"]

[metadata]
content-hash = "4d29266e3cb98960eb9475be87089f6e321494bf1aa70b4ceb7f6df33c96a631"
lock-version = "1.0"
python-versions = "^3.7"

[metadata.files]
arrow = [
    {file = "arrow-0.13.2-py2.py3-none-any.whl", hash = "sha256:002f2315cf4c8404de737c42860441732d339bbc57fee584e2027520e055ecc1"},
    {file = "arrow-0.13.2.tar.gz", hash = "sha256:82dd5e13b733787d4eb0fef42d1ee1a99136dc1d65178f70373b3678b3181bfc"},
]
bitstampclient = [
    {file = "BitstampClient-2.2.8-py2-none-any.whl", hash = "sha256:dbee9c3afea9ab669fca8388d7004a4a8373a1d84bb69f5b0c0eaa5c468ce548"},
    {file = "BitstampClient-2.2.8-py3-none-any.whl", hash = "sha256:47d6fc1ec64525273a6bd9e8104921238a3181696409b8eb7264e0af9c15ed4e"},
    {file = "BitstampClient-2.2.8.tar.gz", hash = "sha256:f2c7d6a8c3c6c281cf3e634078aa0d409364dbfc83aea5f8f0627f20603d6146"},
]
certifi = [
    {file = "certifi-2020.12.5-py2.py3-none-any.whl", hash = "sha256:719a74fb9e33b9bd44cc7f3a8d94bc35e4049deebe19ba7d8e108280cfd59830"},
    {file = "certifi-2020.12.5.tar.gz", hash = "sha256:1a4995114262bffbc2413b159f2a1a480c969de6e6eb13ee966d470af86af59c"},
]
chardet = [
    {file = "chardet-4.0.0-py2.py3-none-any.whl", hash = "sha256:f864054d66fd9118f2e67044ac8981a54775ec5b67aed0441892edb553d21da5"},
    {file = "chardet-4.0.0.tar.gz", hash = "sha256:0d6f53a15db4120f2b08c94f11e7d93d2c911ee118b6b30a04ec3ee8310179fa"},
]
clikraken = [
    {file = "clikraken-0.8.3.2-py3-none-any.whl", hash = "sha256:917598d1100c1fc68164df39e4c92ef559dba4149dc848da46b0b732a8d57362"},
    {file = "clikraken-0.8.3.2.tar.gz", hash = "sha256:1ec168ea7aac74709ebb3894015e445b87a6fa178d90e9d1db328e47a7f755b3"},
]
colorama = [
    {file = "colorama-0.4.4-py2.py3-none-any.whl", hash = "sha256:9f47eda37229f68eee03b24b9748937c7dc3868f906e8ba69fbcbdd3bc5dc3e2"},
    {file = "colorama-0.4.4.tar.gz", hash = "sha256:5941b2b48a20143d2267e95b1c2a7603ce057ee39fd88e7329b0c292aa16869b"},
]
coloredlogs = [
    {file = "coloredlogs-15.0-py2.py3-none-any.whl", hash = "sha256:b7f630a8297a66984b6bae0f6a1b0e0afb9f2f6838ea3bfa58f50d3d13e133d6"},
    {file = "coloredlogs-15.0.tar.gz", hash = "sha256:5e78691e2673a8e294499e1832bb13efcfb44a86b92e18109fa18951093218ab"},
]
colorlog = [
    {file = "colorlog-4.7.2-py2.py3-none-any.whl", hash = "sha256:0a9dcdba6cab68e8a768448b418a858d73c52b37b6e8dea2568296faece393bd"},
    {file = "colorlog-4.7.2.tar.gz", hash = "sha256:18d05b616438a75762d7d214b9ec3b05d274466c9f3ddd92807e755840c88251"},
]
humanfriendly = [
    {file = "humanfriendly-9.1-py2.py3-none-any.whl", hash = "sha256:d5c731705114b9ad673754f3317d9fa4c23212f36b29bdc4272a892eafc9bc72"},
    {file = "humanfriendly-9.1.tar.gz", hash = "sha256:066562956639ab21ff2676d1fda0b5987e985c534fc76700a19bd54bcb81121d"},
]
idna = [
    {file = "idna-2.10-py2.py3-none-any.whl", hash = "sha256:b97d804b1e9b523befed77c48dacec60e6dcb0b5391d57af6a65a312a90648c0"},
    {file = "idna-2.10.tar.gz", hash = "sha256:b307872f855b18632ce0c21c5e45be78c0ea7ae4c15c828c20788b26921eb3f6"},
]
krakenex = [
    {file = "krakenex-0.1.4.tar.gz", hash = "sha256:c951cd67a4e73d12b2a7fa428dc3d13d09113f878375c0f6967901e4607d299b"},
]
pyreadline = [
    {file = "pyreadline-2.1.win-amd64.exe", hash = "sha256:9ce5fa65b8992dfa373bddc5b6e0864ead8f291c94fbfec05fbd5c836162e67b"},
    {file = "pyreadline-2.1.win32.exe", hash = "sha256:65540c21bfe14405a3a77e4c085ecfce88724743a4ead47c66b84defcf82c32e"},
    {file = "pyreadline-2.1.zip", hash = "sha256:4530592fc2e85b25b1a9f79664433da09237c1a270e4d78ea5aa3a2c7229e2d1"},
]
python-dateutil = [
    {file = "python-dateutil-2.8.1.tar.gz", hash = "sha256:73ebfe9dbf22e832286dafa60473e4cd239f8592f699aa5adaf10050e6e1823c"},
    {file = "python_dateutil-2.8.1-py2.py3-none-any.whl", hash = "sha256:75bb3f31ea686f1197762692a9ee6a7550b59fc6ca3a1f4b5d7e32fb98e2da2a"},
]
pyyaml = [
    {file = "PyYAML-5.4.1-cp27-cp27m-macosx_10_9_x86_64.whl", hash = "sha256:3b2b1824fe7112845700f815ff6a489360226a5609b96ec2190a45e62a9fc922"},
    {file = "PyYAML-5.4.1-cp27-cp27m-win32.whl", hash = "sha256:129def1b7c1bf22faffd67b8f3724645203b79d8f4cc81f674654d9902cb4393"},
    {file = "PyYAML-5.4.1-cp27-cp27m-win_amd64.whl", hash = "sha256:4465124ef1b18d9ace298060f4eccc64b0850899ac4ac53294547536533800c8"},
    {file = "PyYAML-5.4.1-cp27-cp27mu-manylinux1_x86_64.whl", hash = "sha256:bb4191dfc9306777bc594117aee052446b3fa88737cd13b7188d0e7aa8162185"},
    {file = "PyYAML-5.4.1-cp36-cp36m-macosx_10_9_x86_64.whl", hash = "sha256:6c78645d400265a062508ae399b60b8c167bf003db364ecb26dcab2bda048253"},
    {file = "PyYAML-5.4.1-cp36-cp36m-manylinux1_x86_64.whl", hash = "sha256:4e0583d24c881e14342eaf4ec5fbc97f934b999a6828693a99157fde912540cc"},
    {file = "PyYAML-5.4.1-cp36-cp36m-manylinux2014_aarch64.whl", hash = "sha256:72a01f726a9c7851ca9bfad6fd09ca4e090a023c00945ea05ba1638c09dc3347"},
    {file = "PyYAML-5.4.1-cp36-cp36m-manylinux2014_s390x.whl", hash = "sha256:895f61ef02e8fed38159bb70f7e100e00f471eae2bc838cd0f4ebb21e28f8541"},
    {file = "PyYAML-5.4.1-cp36-cp36m-win32.whl", hash = "sha256:3bd0e463264cf257d1ffd2e40223b197271046d09dadf73a0fe82b9c1fc385a5"},
    {file = "PyYAML-5.4.1-cp36-cp36m-win_amd64.whl", hash = "sha256:e4fac90784481d221a8e4b1162afa7c47ed953be40d31ab4629ae917510051df"},
    {file = "PyYAML-5.4.1-cp37-cp37m-macosx_10_9_x86_64.whl", hash = "sha256:5accb17103e43963b80e6f837831f38d314a0495500067cb25afab2e8d7a4018"},
    {file = "PyYAML-5.4.1-cp37-cp37m-manylinux1_x86_64.whl", hash = "sha256:e1d4970ea66be07ae37a3c2e48b5ec63f7ba6804bdddfdbd3cfd954d25a82e63"},
    {file = "PyYAML-5.4.1-cp37-cp37m-manylinux2014_aarch64.whl", hash = "sha256:cb333c16912324fd5f769fff6bc5de372e9e7a202247b48870bc251ed40239aa"},
    {file = "PyYAML-5.4.1-cp37-cp37m-manylinux2014_s390x.whl", hash = "sha256:fe69978f3f768926cfa37b867e3843918e012cf83f680806599ddce33c2c68b0"},
    {file = "PyYAML-5.4.1-cp37-cp37m-win32.whl", hash = "sha256:dd5de0646207f053eb0d6c74ae45ba98c3395a571a2891858e87df7c9b9bd51b"},
    {file = "PyYAML-5.4.1-cp37-cp37m-win_amd64.whl", hash = "sha256:08682f6b72c722394747bddaf0aa62277e02557c0fd1c42cb853016a38f8dedf"},
    {file = "PyYAML-5.4.1-cp38-cp38-macosx_10_9_x86_64.whl", hash = "sha256:d2d9808ea7b4af864f35ea216be506ecec180628aced0704e34aca0b040ffe46"},
    {file = "PyYAML-5.4.1-cp38-cp38-manylinux1_x86_64.whl", hash = "sha256:8c1be557ee92a20f184922c7b6424e8ab6691788e6d86137c5d93c1a6ec1b8fb"},
    {file = "PyYAML-5.4.1-cp38-cp38-manylinux2014_aarch64.whl", hash = "sha256:fd7f6999a8070df521b6384004ef42833b9bd62cfee11a09bda1079b4b704247"},
    {file = "PyYAML-5.4.1-cp38-cp38-manylinux2014_s390x.whl", hash = "sha256:bfb51918d4ff3d77c1c856a9699f8492c612cde32fd3bcd344af9be34999bfdc"},
    {file = "PyYAML-5.4.1-cp38-cp38-win32.whl", hash = "sha256:fa5ae20527d8e831e8230cbffd9f8fe952815b2b7dae6ffec25318803a7528fc"},
    {file = "PyYAML-5.4.1-cp38-cp38-win_amd64.whl", hash = "sha256:0f5f5786c0e09baddcd8b4b45f20a7b5d61a7e7e99846e3c799b05c7c53fa696"},
    {file = "PyYAML-5.4.1-cp39-cp39-macosx_10_9_x86_64.whl", hash = "sha256:294db365efa064d00b8d1ef65d8ea2c3426ac366c0c4368d930bf1c5fb497f77"},
    {file = "PyYAML-5.4.1-cp39-cp39-manylinux1_x86_64.whl", hash = "sha256:74c1485f7707cf707a7aef42ef6322b8f97921bd89be2ab6317fd782c2d53183"},
    {file = "PyYAML-5.4.1-cp39-cp39-manylinux2014_aarch64.whl", hash = "sha256:d483ad4e639292c90170eb6f7783ad19490e7a8defb3e46f97dfe4bacae89122"},
    {file = "PyYAML-5.4.1-cp39-cp39-manylinux2014_s390x.whl", hash = "sha256:fdc842473cd33f45ff6bce46aea678a54e3d21f1b61a7750ce3c498eedfe25d6"},
    {file = "PyYAML-5.4.1-cp39-cp39-win32.whl", hash = "sha256:49d4cdd9065b9b6e206d0595fee27a96b5dd22618e7520c33204a4a3239d5b10"},
    {file = "PyYAML-5.4.1-cp39-cp39-win_amd64.whl", hash = "sha256:c20cfa2d49991c8b4147af39859b167664f2ad4561704ee74c1de03318e898db"},
    {file = "PyYAML-5.4.1.tar.gz", hash = "sha256:607774cbba28732bfa802b54baa7484215f530991055bb562efbed5b2f20a45e"},
]
requests = [
    {file = "requests-2.25.1-py2.py3-none-any.whl", hash = "sha256:c210084e36a42ae6b9219e00e48287def368a26d03a048ddad7bfee44f75871e"},
    {file = "requests-2.25.1.tar.gz", hash = "sha256:27973dd4a904a4f13b263a19c866c13b92a39ed1c964655f025f3f8d3d75b804"},
]
six = [
    {file = "six-1.15.0-py2.py3-none-any.whl", hash = "sha256:8b74bedcbbbaca38ff6d7491d76f2b06b3592611af620f8426e82dddb04a5ced"},
    {file = "six-1.15.0.tar.gz", hash = "sha256:30639c035cdb23534cd4aa2dd52c3bf48f06e5f4a941509c8bafd8ce11080259"},
]
sqlalchemy = [
    {file = "SQLAlchemy-1.3.23-cp27-cp27m-macosx_10_14_x86_64.whl", hash = "sha256:fd3b96f8c705af8e938eaa99cbd8fd1450f632d38cad55e7367c33b263bf98ec"},
    {file = "SQLAlchemy-1.3.23-cp27-cp27m-manylinux1_x86_64.whl", hash = "sha256:29cccc9606750fe10c5d0e8bd847f17a97f3850b8682aef1f56f5d5e1a5a64b1"},
    {file = "SQLAlchemy-1.3.23-cp27-cp27m-manylinux2010_x86_64.whl", hash = "sha256:927ce09e49bff3104459e1451ce82983b0a3062437a07d883a4c66f0b344c9b5"},
    {file = "SQLAlchemy-1.3.23-cp27-cp27m-win32.whl", hash = "sha256:b4b0e44d586cd64b65b507fa116a3814a1a53d55dce4836d7c1a6eb2823ff8d1"},
    {file = "SQLAlchemy-1.3.23-cp27-cp27m-win_amd64.whl", hash = "sha256:6b8b8c80c7f384f06825612dd078e4a31f0185e8f1f6b8c19e188ff246334205"},
    {file = "SQLAlchemy-1.3.23-cp27-cp27mu-manylinux1_x86_64.whl", hash = "sha256:9e9c25522933e569e8b53ccc644dc993cab87e922fb7e142894653880fdd419d"},
    {file = "SQLAlchemy-1.3.23-cp27-cp27mu-manylinux2010_x86_64.whl", hash = "sha256:a0e306e9bb76fd93b29ae3a5155298e4c1b504c7cbc620c09c20858d32d16234"},
    {file = "SQLAlchemy-1.3.23-cp35-cp35m-macosx_10_14_x86_64.whl", hash = "sha256:6c9e6cc9237de5660bcddea63f332428bb83c8e2015c26777281f7ffbd2efb84"},
    {file = "SQLAlchemy-1.3.23-cp35-cp35m-manylinux1_x86_64.whl", hash = "sha256:94f667d86be82dd4cb17d08de0c3622e77ca865320e0b95eae6153faa7b4ecaf"},
    {file = "SQLAlchemy-1.3.23-cp35-cp35m-manylinux2010_x86_64.whl", hash = "sha256:751934967f5336a3e26fc5993ccad1e4fee982029f9317eb6153bc0bc3d2d2da"},
    {file = "SQLAlchemy-1.3.23-cp35-cp35m-manylinux2014_aarch64.whl", hash = "sha256:63677d0c08524af4c5893c18dbe42141de7178001360b3de0b86217502ed3601"},
    {file = "SQLAlchemy-1.3.23-cp35-cp35m-win32.whl", hash = "sha256:ddfb511e76d016c3a160910642d57f4587dc542ce5ee823b0d415134790eeeb9"},
    {file = "SQLAlchemy-1.3.23-cp35-cp35m-win_amd64.whl", hash = "sha256:040bdfc1d76a9074717a3f43455685f781c581f94472b010cd6c4754754e1862"},
    {file = "SQLAlchemy-1.3.23-cp36-cp36m-macosx_10_14_x86_64.whl", hash = "sha256:d1a85dfc5dee741bf49cb9b6b6b8d2725a268e4992507cf151cba26b17d97c37"},
    {file = "SQLAlchemy-1.3.23-cp36-cp36m-manylinux1_x86_64.whl", hash = "sha256:639940bbe1108ac667dcffc79925db2966826c270112e9159439ab6bb14f8d80"},
    {file = "SQLAlchemy-1.3.23-cp36-cp36m-manylinux2010_x86_64.whl", hash = "sha256:e8a1750b44ad6422ace82bf3466638f1aa0862dbb9689690d5f2f48cce3476c8"},
    {file = "SQLAlchemy-1.3.23-cp36-cp36m-manylinux2014_aarch64.whl", hash = "sha256:e5bb3463df697279e5459a7316ad5a60b04b0107f9392e88674d0ece70e9cf70"},
    {file = "SQLAlchemy-1.3.23-cp36-cp36m-win32.whl", hash = "sha256:e273367f4076bd7b9a8dc2e771978ef2bfd6b82526e80775a7db52bff8ca01dd"},
    {file = "SQLAlchemy-1.3.23-cp36-cp36m-win_amd64.whl", hash = "sha256:ac2244e64485c3778f012951fdc869969a736cd61375fde6096d08850d8be729"},
    {file = "SQLAlchemy-1.3.23-cp37-cp37m-macosx_10_14_x86_64.whl", hash = "sha256:23927c3981d1ec6b4ea71eb99d28424b874d9c696a21e5fbd9fa322718be3708"},
    {file = "SQLAlchemy-1.3.23-cp37-cp37m-manylinux1_x86_64.whl", hash = "sha256:d90010304abb4102123d10cbad2cdf2c25a9f2e66a50974199b24b468509bad5"},
    {file = "SQLAlchemy-1.3.23-cp37-cp37m-manylinux2010_x86_64.whl", hash = "sha256:a8bfc1e1afe523e94974132d7230b82ca7fa2511aedde1f537ec54db0399541a"},
    {file = "SQLAlchemy-1.3.23-cp37-cp37m-manylinux2014_aarch64.whl", hash = "sha256:269990b3ab53cb035d662dcde51df0943c1417bdab707dc4a7e4114a710504b4"},
    {file = "SQLAlchemy-1.3.23-cp37-cp37m-win32.whl", hash = "sha256:fdd2ed7395df8ac2dbb10cefc44737b66c6a5cd7755c92524733d7a443e5b7e2"},
    {file = "SQLAlchemy-1.3.23-cp37-cp37m-win_amd64.whl", hash = "sha256:6a939a868fdaa4b504e8b9d4a61f21aac11e3fecc8a8214455e144939e3d2aea"},
    {file = "SQLAlchemy-1.3.23-cp38-cp38-macosx_10_14_x86_64.whl", hash = "sha256:24f9569e82a009a09ce2d263559acb3466eba2617203170e4a0af91e75b4f075"},
    {file = "SQLAlchemy-1.3.23-cp38-cp38-manylinux1_x86_64.whl", hash = "sha256:2578dbdbe4dbb0e5126fb37ffcd9793a25dcad769a95f171a2161030bea850ff"},
    {file = "SQLAlchemy-1.3.23-cp38-cp38-manylinux2010_x86_64.whl", hash = "sha256:1fe5d8d39118c2b018c215c37b73fd6893c3e1d4895be745ca8ff6eb83333ed3"},
    {file = "SQLAlchemy-1.3.23-cp38-cp38-manylinux2014_aarch64.whl", hash = "sha256:c7dc052432cd5d060d7437e217dd33c97025287f99a69a50e2dc1478dd610d64"},
    {file = "SQLAlchemy-1.3.23-cp38-cp38-win32.whl", hash = "sha256:ecce8c021894a77d89808222b1ff9687ad84db54d18e4bd0500ca766737faaf6"},
    {file = "SQLAlchemy-1.3.23-cp38-cp38-win_amd64.whl", hash = "sha256:37b83bf81b4b85dda273aaaed5f35ea20ad80606f672d94d2218afc565fb0173"},
    {file = "SQLAlchemy-1.3.23-cp39-cp39-macosx_10_14_x86_64.whl", hash = "sha256:8be835aac18ec85351385e17b8665bd4d63083a7160a017bef3d640e8e65cadb"},
    {file = "SQLAlchemy-1.3.23-cp39-cp39-manylinux1_x86_64.whl", hash = "sha256:6ec1044908414013ebfe363450c22f14698803ce97fbb47e53284d55c5165848"},
    {file = "SQLAlchemy-1.3.23-cp39-cp39-manylinux2010_x86_64.whl", hash = "sha256:eab063a70cca4a587c28824e18be41d8ecc4457f8f15b2933584c6c6cccd30f0"},
    {file = "SQLAlchemy-1.3.23-cp39-cp39-manylinux2014_aarch64.whl", hash = "sha256:baeb451ee23e264de3f577fee5283c73d9bbaa8cb921d0305c0bbf700094b65b"},
    {file = "SQLAlchemy-1.3.23-cp39-cp39-win32.whl", hash = "sha256:94208867f34e60f54a33a37f1c117251be91a47e3bfdb9ab8a7847f20886ad06"},
    {file = "SQLAlchemy-1.3.23-cp39-cp39-win_amd64.whl", hash = "sha256:f4d972139d5000105fcda9539a76452039434013570d6059993120dc2a65e447"},
    {file = "SQLAlchemy-1.3.23.tar.gz", hash = "sha256:6fca33672578666f657c131552c4ef8979c1606e494f78cd5199742dfb26918b"},
]
tabulate = [
    {file = "tabulate-0.8.9-py3-none-any.whl", hash = "sha256:d7c013fe7abbc5e491394e10fa845f8f32fe54f8dc60c6622c6cf482d25d47e4"},
    {file = "tabulate-0.8.9.tar.gz", hash = "sha256:eb1d13f25760052e8931f2ef80aaf6045a6cceb47514db8beab24cded16f13a7"},
]
urllib3 = [
    {file = "urllib3-1.26.3-py2.py3-none-any.whl", hash = "sha256:1b465e494e3e0d8939b50680403e3aedaa2bc434b7d5af64dfd3c958d7f5ae80"},
    {file = "urllib3-1.26.3.tar.gz", hash = "sha256:de3eedaad74a2683334e282005cd8d7f22f4d55fa690a2a1020a416cb0a47e73"},
]
